
Microsoft Visual Studio Solution File, Format Version 12.00
# Visual Studio Version 17
VisualStudioVersion = 17.3.32825.248
MinimumVisualStudioVersion = 10.0.40219.1
Project("{9A19103F-16F7-4668-BE54-9A1E7A4F7556}") = "txt_read", "txt_read\txt_read.csproj", "{BBD45815-042C-48B0-B531-6BFEE50B04B3}"
EndProject
Project("{FAE04EC0-301F-11D3-BF4B-00C04F79EFBC}") = "DataEditor", "DataEditor\DataEditor.csproj", "{421FF5B1-46F8-4879-8F06-BFEDBF1CF793}"
EndProject
Global
	GlobalSection(SolutionConfigurationPlatforms) = preSolution
		Debug|Any CPU = Debug|Any CPU
		Release|Any CPU = Release|Any CPU
	EndGlobalSection
	GlobalSection(ProjectConfigurationPlatforms) = postSolution
		{BBD45815-042C-48B0-B531-6BFEE50B04B3}.Debug|Any CPU.ActiveCfg = Debug|Any CPU
		{BBD45815-042C-48B0-B531-6BFEE50B04B3}.Debug|Any CPU.Build.0 = Debug|Any CPU
		{BBD45815-042C-48B0-B531-6BFEE50B04B3}.Release|Any CPU.ActiveCfg = Release|Any CPU
		{BBD45815-042C-48B0-B531-6BFEE50B04B3}.Release|Any CPU.Build.0 = Release|Any CPU
		{421FF5B1-46F8-4879-8F06-BFEDBF1CF793}.Debug|Any CPU.ActiveCfg = Debug|Any CPU
		{421FF5B1-46F8-4879-8F06-BFEDBF1CF793}.Debug|Any CPU.Build.0 = Debug|Any CPU
		{421FF5B1-46F8-4879-8F06-BFEDBF1CF793}.Release|Any CPU.ActiveCfg = Release|Any CPU
		{421FF5B1-46F8-4879-8F06-BFEDBF1CF793}.Release|Any CPU.Build.0 = Release|Any CPU
	EndGlobalSection
	GlobalSection(SolutionProperties) = preSolution
		HideSolutionNode = FALSE
	EndGlobalSection
	GlobalSection(ExtensibilityGlobals) = postSolution
		SolutionGuid = {5FE08A40-37A9-4CCB-9585-1F21D9970816}
	EndGlobalSection
EndGlobal
